
Microsoft Visual Studio Solution File, Format Version 12.00
Project("{FAE04EC0-301F-11D3-BF4B-00C04F79EFBC}") = "DataTypesApp", "DataTypesApp\DataTypesApp.csproj", "{56E35C63-F6CD-4534-8F99-337167511108}"
EndProject
Project("{FAE04EC0-301F-11D3-BF4B-00C04F79EFBC}") = "CharReadApp", "CharReadApp\CharReadApp.csproj", "{42DA1AE1-0836-46FB-975A-8E8FF6ABF53C}"
EndProject
Project("{FAE04EC0-301F-11D3-BF4B-00C04F79EFBC}") = "IgnoreSpaceApp", "IgnoreSpaceApp\IgnoreSpaceApp.csproj", "{DC00595C-AA0C-4032-AF1A-04DDF976B8ED}"
EndProject
Project("{FAE04EC0-301F-11D3-BF4B-00C04F79EFBC}") = "ConsumesEnterWithReadLine", "ConsumesEnterWithReadLine\ConsumesEnterWithReadLine.csproj", "{E0A60BF2-0655-496C-8F18-3A1132AE0666}"
EndProject
Project("{FAE04EC0-301F-11D3-BF4B-00C04F79EFBC}") = "GradeSumApp", "GradeSumApp\GradeSumApp.csproj", "{1433BEB1-8B06-4D2C-B831-A0E2B88A3DAB}"
EndProject
Project("{FAE04EC0-301F-11D3-BF4B-00C04F79EFBC}") = "PowerApp", "PowerApp\PowerApp.csproj", "{9D567460-526A-43C1-9B89-6E89C2EE52A0}"
EndProject
Project("{FAE04EC0-301F-11D3-BF4B-00C04F79EFBC}") = "FormatExceptionApp", "FormatExceptionApp\FormatExceptionApp.csproj", "{C19ACE3C-298C-4EE1-8137-E7C37DC5765D}"
EndProject
Project("{FAE04EC0-301F-11D3-BF4B-00C04F79EFBC}") = "GradesSumSwitchApp", "GradesSumSwitchApp\GradesSumSwitchApp.csproj", "{CF52605A-7BBA-40EF-9683-24709A7CA309}"
EndProject
Project("{FAE04EC0-301F-11D3-BF4B-00C04F79EFBC}") = "ParamsApp", "ParamsApp\ParamsApp.csproj", "{9BEF423F-4BF5-4E12-9E18-63ED40937EB5}"
EndProject
Project("{FAE04EC0-301F-11D3-BF4B-00C04F79EFBC}") = "OptionalParams", "OptionalParams\OptionalParams.csproj", "{99CE010E-30F3-44E3-9A6B-80E6E27A2B39}"
EndProject
Project("{FAE04EC0-301F-11D3-BF4B-00C04F79EFBC}") = "MethodOverloadApp", "MethodOverloadApp\MethodOverloadApp.csproj", "{BBB92FD2-5853-456B-85D1-A21639BD1C26}"
EndProject
Global
	GlobalSection(SolutionConfigurationPlatforms) = preSolution
		Debug|Any CPU = Debug|Any CPU
		Release|Any CPU = Release|Any CPU
	EndGlobalSection
	GlobalSection(ProjectConfigurationPlatforms) = postSolution
		{56E35C63-F6CD-4534-8F99-337167511108}.Debug|Any CPU.ActiveCfg = Debug|Any CPU
		{56E35C63-F6CD-4534-8F99-337167511108}.Debug|Any CPU.Build.0 = Debug|Any CPU
		{56E35C63-F6CD-4534-8F99-337167511108}.Release|Any CPU.ActiveCfg = Release|Any CPU
		{56E35C63-F6CD-4534-8F99-337167511108}.Release|Any CPU.Build.0 = Release|Any CPU
		{42DA1AE1-0836-46FB-975A-8E8FF6ABF53C}.Debug|Any CPU.ActiveCfg = Debug|Any CPU
		{42DA1AE1-0836-46FB-975A-8E8FF6ABF53C}.Debug|Any CPU.Build.0 = Debug|Any CPU
		{42DA1AE1-0836-46FB-975A-8E8FF6ABF53C}.Release|Any CPU.ActiveCfg = Release|Any CPU
		{42DA1AE1-0836-46FB-975A-8E8FF6ABF53C}.Release|Any CPU.Build.0 = Release|Any CPU
		{DC00595C-AA0C-4032-AF1A-04DDF976B8ED}.Debug|Any CPU.ActiveCfg = Debug|Any CPU
		{DC00595C-AA0C-4032-AF1A-04DDF976B8ED}.Debug|Any CPU.Build.0 = Debug|Any CPU
		{DC00595C-AA0C-4032-AF1A-04DDF976B8ED}.Release|Any CPU.ActiveCfg = Release|Any CPU
		{DC00595C-AA0C-4032-AF1A-04DDF976B8ED}.Release|Any CPU.Build.0 = Release|Any CPU
		{E0A60BF2-0655-496C-8F18-3A1132AE0666}.Debug|Any CPU.ActiveCfg = Debug|Any CPU
		{E0A60BF2-0655-496C-8F18-3A1132AE0666}.Debug|Any CPU.Build.0 = Debug|Any CPU
		{E0A60BF2-0655-496C-8F18-3A1132AE0666}.Release|Any CPU.ActiveCfg = Release|Any CPU
		{E0A60BF2-0655-496C-8F18-3A1132AE0666}.Release|Any CPU.Build.0 = Release|Any CPU
		{1433BEB1-8B06-4D2C-B831-A0E2B88A3DAB}.Debug|Any CPU.ActiveCfg = Debug|Any CPU
		{1433BEB1-8B06-4D2C-B831-A0E2B88A3DAB}.Debug|Any CPU.Build.0 = Debug|Any CPU
		{1433BEB1-8B06-4D2C-B831-A0E2B88A3DAB}.Release|Any CPU.ActiveCfg = Release|Any CPU
		{1433BEB1-8B06-4D2C-B831-A0E2B88A3DAB}.Release|Any CPU.Build.0 = Release|Any CPU
		{9D567460-526A-43C1-9B89-6E89C2EE52A0}.Debug|Any CPU.ActiveCfg = Debug|Any CPU
		{9D567460-526A-43C1-9B89-6E89C2EE52A0}.Debug|Any CPU.Build.0 = Debug|Any CPU
		{9D567460-526A-43C1-9B89-6E89C2EE52A0}.Release|Any CPU.ActiveCfg = Release|Any CPU
		{9D567460-526A-43C1-9B89-6E89C2EE52A0}.Release|Any CPU.Build.0 = Release|Any CPU
		{C19ACE3C-298C-4EE1-8137-E7C37DC5765D}.Debug|Any CPU.ActiveCfg = Debug|Any CPU
		{C19ACE3C-298C-4EE1-8137-E7C37DC5765D}.Debug|Any CPU.Build.0 = Debug|Any CPU
		{C19ACE3C-298C-4EE1-8137-E7C37DC5765D}.Release|Any CPU.ActiveCfg = Release|Any CPU
		{C19ACE3C-298C-4EE1-8137-E7C37DC5765D}.Release|Any CPU.Build.0 = Release|Any CPU
		{CF52605A-7BBA-40EF-9683-24709A7CA309}.Debug|Any CPU.ActiveCfg = Debug|Any CPU
		{CF52605A-7BBA-40EF-9683-24709A7CA309}.Debug|Any CPU.Build.0 = Debug|Any CPU
		{CF52605A-7BBA-40EF-9683-24709A7CA309}.Release|Any CPU.ActiveCfg = Release|Any CPU
		{CF52605A-7BBA-40EF-9683-24709A7CA309}.Release|Any CPU.Build.0 = Release|Any CPU
		{9BEF423F-4BF5-4E12-9E18-63ED40937EB5}.Debug|Any CPU.ActiveCfg = Debug|Any CPU
		{9BEF423F-4BF5-4E12-9E18-63ED40937EB5}.Debug|Any CPU.Build.0 = Debug|Any CPU
		{9BEF423F-4BF5-4E12-9E18-63ED40937EB5}.Release|Any CPU.ActiveCfg = Release|Any CPU
		{9BEF423F-4BF5-4E12-9E18-63ED40937EB5}.Release|Any CPU.Build.0 = Release|Any CPU
		{99CE010E-30F3-44E3-9A6B-80E6E27A2B39}.Debug|Any CPU.ActiveCfg = Debug|Any CPU
		{99CE010E-30F3-44E3-9A6B-80E6E27A2B39}.Debug|Any CPU.Build.0 = Debug|Any CPU
		{99CE010E-30F3-44E3-9A6B-80E6E27A2B39}.Release|Any CPU.ActiveCfg = Release|Any CPU
		{99CE010E-30F3-44E3-9A6B-80E6E27A2B39}.Release|Any CPU.Build.0 = Release|Any CPU
		{BBB92FD2-5853-456B-85D1-A21639BD1C26}.Debug|Any CPU.ActiveCfg = Debug|Any CPU
		{BBB92FD2-5853-456B-85D1-A21639BD1C26}.Debug|Any CPU.Build.0 = Debug|Any CPU
		{BBB92FD2-5853-456B-85D1-A21639BD1C26}.Release|Any CPU.ActiveCfg = Release|Any CPU
		{BBB92FD2-5853-456B-85D1-A21639BD1C26}.Release|Any CPU.Build.0 = Release|Any CPU
	EndGlobalSection
EndGlobal
